// !$*UTF8*$!
{
	archiveVersion = 1;
	classes = {
	};
	objectVersion = 46;
	objects = {

/* Begin PBXBuildFile section */
		18EB71D91ADD0F6E00BABD33 /* AppDelegate.swift in Sources */ = {isa = PBXBuildFile; fileRef = 18EB71D81ADD0F6E00BABD33 /* AppDelegate.swift */; };
		18EB71DB1ADD0F6E00BABD33 /* ViewController.swift in Sources */ = {isa = PBXBuildFile; fileRef = 18EB71DA1ADD0F6E00BABD33 /* ViewController.swift */; };
		18EB71DE1ADD0F6E00BABD33 /* Main.storyboard in Resources */ = {isa = PBXBuildFile; fileRef = 18EB71DC1ADD0F6E00BABD33 /* Main.storyboard */; };
		18EB71E01ADD0F6E00BABD33 /* Images.xcassets in Resources */ = {isa = PBXBuildFile; fileRef = 18EB71DF1ADD0F6E00BABD33 /* Images.xcassets */; };
		18EB71E31ADD0F6E00BABD33 /* LaunchScreen.xib in Resources */ = {isa = PBXBuildFile; fileRef = 18EB71E11ADD0F6E00BABD33 /* LaunchScreen.xib */; };
		18EB71EF1ADD0F6E00BABD33 /* YesButtonTests.swift in Sources */ = {isa = PBXBuildFile; fileRef = 18EB71EE1ADD0F6E00BABD33 /* YesButtonTests.swift */; };
		18EB71F91ADD0F8D00BABD33 /* CheckMarkButton.swift in Sources */ = {isa = PBXBuildFile; fileRef = 18EB71F81ADD0F8D00BABD33 /* CheckMarkButton.swift */; };
/* End PBXBuildFile section */

/* Begin PBXContainerItemProxy section */
		18EB71E91ADD0F6E00BABD33 /* PBXContainerItemProxy */ = {
			isa = PBXContainerItemProxy;
			containerPortal = 18EB71CB1ADD0F6E00BABD33 /* Project object */;
			proxyType = 1;
			remoteGlobalIDString = 18EB71D21ADD0F6E00BABD33;
			remoteInfo = YesButton;
		};
/* End PBXContainerItemProxy section */

/* Begin PBXFileReference section */
		18EB71D31ADD0F6E00BABD33 /* YesButton.app */ = {isa = PBXFileReference; explicitFileType = wrapper.application; includeInIndex = 0; path = YesButton.app; sourceTree = BUILT_PRODUCTS_DIR; };
		18EB71D71ADD0F6E00BABD33 /* Info.plist */ = {isa = PBXFileReference; lastKnownFileType = text.plist.xml; path = Info.plist; sourceTree = "<group>"; };
		18EB71D81ADD0F6E00BABD33 /* AppDelegate.swift */ = {isa = PBXFileReference; lastKnownFileType = sourcecode.swift; path = AppDelegate.swift; sourceTree = "<group>"; };
		18EB71DA1ADD0F6E00BABD33 /* ViewController.swift */ = {isa = PBXFileReference; lastKnownFileType = sourcecode.swift; path = ViewController.swift; sourceTree = "<group>"; };
		18EB71DD1ADD0F6E00BABD33 /* Base */ = {isa = PBXFileReference; lastKnownFileType = file.storyboard; name = Base; path = Base.lproj/Main.storyboard; sourceTree = "<group>"; };
		18EB71DF1ADD0F6E00BABD33 /* Images.xcassets */ = {isa = PBXFileReference; lastKnownFileType = folder.assetcatalog; path = Images.xcassets; sourceTree = "<group>"; };
		18EB71E21ADD0F6E00BABD33 /* Base */ = {isa = PBXFileReference; lastKnownFileType = file.xib; name = Base; path = Base.lproj/LaunchScreen.xib; sourceTree = "<group>"; };
		18EB71E81ADD0F6E00BABD33 /* YesButtonTests.xctest */ = {isa = PBXFileReference; explicitFileType = wrapper.cfbundle; includeInIndex = 0; path = YesButtonTests.xctest; sourceTree = BUILT_PRODUCTS_DIR; };
		18EB71ED1ADD0F6E00BABD33 /* Info.plist */ = {isa = PBXFileReference; lastKnownFileType = text.plist.xml; path = Info.plist; sourceTree = "<group>"; };
		18EB71EE1ADD0F6E00BABD33 /* YesButtonTests.swift */ = {isa = PBXFileReference; lastKnownFileType = sourcecode.swift; path = YesButtonTests.swift; sourceTree = "<group>"; };
		18EB71F81ADD0F8D00BABD33 /* CheckMarkButton.swift */ = {isa = PBXFileReference; fileEncoding = 4; lastKnownFileType = sourcecode.swift; path = CheckMarkButton.swift; sourceTree = "<group>"; };
/* End PBXFileReference section */

/* Begin PBXFrameworksBuildPhase section */
		18EB71D01ADD0F6E00BABD33 /* Frameworks */ = {
			isa = PBXFrameworksBuildPhase;
			buildActionMask = 2147483647;
			files = (
			);
			runOnlyForDeploymentPostprocessing = 0;
		};
		18EB71E51ADD0F6E00BABD33 /* Frameworks */ = {
			isa = PBXFrameworksBuildPhase;
			buildActionMask = 2147483647;
			files = (
			);
			runOnlyForDeploymentPostprocessing = 0;
		};
/* End PBXFrameworksBuildPhase section */

/* Begin PBXGroup section */
		18EB71CA1ADD0F6E00BABD33 = {
			isa = PBXGroup;
			children = (
				18EB71FA1ADD0F9D00BABD33 /* view */,
				18EB71D51ADD0F6E00BABD33 /* CheckMarkButton */,
				18EB71EB1ADD0F6E00BABD33 /* YesButtonTests */,
				18EB71D41ADD0F6E00BABD33 /* Products */,
			);
			sourceTree = "<group>";
		};
		18EB71D41ADD0F6E00BABD33 /* Products */ = {
			isa = PBXGroup;
			children = (
				18EB71D31ADD0F6E00BABD33 /* YesButton.app */,
				18EB71E81ADD0F6E00BABD33 /* YesButtonTests.xctest */,
			);
			name = Products;
			sourceTree = "<group>";
		};
		18EB71D51ADD0F6E00BABD33 /* CheckMarkButton */ = {
			isa = PBXGroup;
			children = (
				18EB71D81ADD0F6E00BABD33 /* AppDelegate.swift */,
				18EB71DA1ADD0F6E00BABD33 /* ViewController.swift */,
				18EB71DC1ADD0F6E00BABD33 /* Main.storyboard */,
				18EB71DF1ADD0F6E00BABD33 /* Images.xcassets */,
				18EB71E11ADD0F6E00BABD33 /* LaunchScreen.xib */,
				18EB71D61ADD0F6E00BABD33 /* Supporting Files */,
			);
			name = CheckMarkButton;
			path = YesButton;
			sourceTree = "<group>";
		};
		18EB71D61ADD0F6E00BABD33 /* Supporting Files */ = {
			isa = PBXGroup;
			children = (
				18EB71D71ADD0F6E00BABD33 /* Info.plist */,
			);
			name = "Supporting Files";
			sourceTree = "<group>";
		};
		18EB71EB1ADD0F6E00BABD33 /* YesButtonTests */ = {
			isa = PBXGroup;
			children = (
				18EB71EE1ADD0F6E00BABD33 /* YesButtonTests.swift */,
				18EB71EC1ADD0F6E00BABD33 /* Supporting Files */,
			);
			path = YesButtonTests;
			sourceTree = "<group>";
		};
		18EB71EC1ADD0F6E00BABD33 /* Supporting Files */ = {
			isa = PBXGroup;
			children = (
				18EB71ED1ADD0F6E00BABD33 /* Info.plist */,
			);
			name = "Supporting Files";
			sourceTree = "<group>";
		};
		18EB71FA1ADD0F9D00BABD33 /* view */ = {
			isa = PBXGroup;
			children = (
				18EB71F81ADD0F8D00BABD33 /* CheckMarkButton.swift */,
			);
			name = view;
			path = YesButton;
			sourceTree = "<group>";
		};
/* End PBXGroup section */

/* Begin PBXNativeTarget section */
		18EB71D21ADD0F6E00BABD33 /* YesButton */ = {
			isa = PBXNativeTarget;
			buildConfigurationList = 18EB71F21ADD0F6E00BABD33 /* Build configuration list for PBXNativeTarget "YesButton" */;
			buildPhases = (
				18EB71CF1ADD0F6E00BABD33 /* Sources */,
				18EB71D01ADD0F6E00BABD33 /* Frameworks */,
				18EB71D11ADD0F6E00BABD33 /* Resources */,
			);
			buildRules = (
			);
			dependencies = (
			);
			name = YesButton;
			productName = YesButton;
			productReference = 18EB71D31ADD0F6E00BABD33 /* YesButton.app */;
			productType = "com.apple.product-type.application";
		};
		18EB71E71ADD0F6E00BABD33 /* YesButtonTests */ = {
			isa = PBXNativeTarget;
			buildConfigurationList = 18EB71F51ADD0F6E00BABD33 /* Build configuration list for PBXNativeTarget "YesButtonTests" */;
			buildPhases = (
				18EB71E41ADD0F6E00BABD33 /* Sources */,
				18EB71E51ADD0F6E00BABD33 /* Frameworks */,
				18EB71E61ADD0F6E00BABD33 /* Resources */,
			);
			buildRules = (
			);
			dependencies = (
				18EB71EA1ADD0F6E00BABD33 /* PBXTargetDependency */,
			);
			name = YesButtonTests;
			productName = YesButtonTests;
			productReference = 18EB71E81ADD0F6E00BABD33 /* YesButtonTests.xctest */;
			productType = "com.apple.product-type.bundle.unit-test";
		};
/* End PBXNativeTarget section */

/* Begin PBXProject section */
		18EB71CB1ADD0F6E00BABD33 /* Project object */ = {
			isa = PBXProject;
			attributes = {
				LastUpgradeCheck = 0620;
				ORGANIZATIONNAME = apple.com;
				TargetAttributes = {
					18EB71D21ADD0F6E00BABD33 = {
						CreatedOnToolsVersion = 6.2;
					};
					18EB71E71ADD0F6E00BABD33 = {
						CreatedOnToolsVersion = 6.2;
						TestTargetID = 18EB71D21ADD0F6E00BABD33;
					};
				};
			};
			buildConfigurationList = 18EB71CE1ADD0F6E00BABD33 /* Build configuration list for PBXProject "YesButton" */;
			compatibilityVersion = "Xcode 3.2";
			developmentRegion = English;
			hasScannedForEncodings = 0;
			knownRegions = (
				en,
				Base,
			);
			mainGroup = 18EB71CA1ADD0F6E00BABD33;
			productRefGroup = 18EB71D41ADD0F6E00BABD33 /* Products */;
			projectDirPath = "";
			projectRoot = "";
			targets = (
				18EB71D21ADD0F6E00BABD33 /* YesButton */,
				18EB71E71ADD0F6E00BABD33 /* YesButtonTests */,
			);
		};
/* End PBXProject section */

/* Begin PBXResourcesBuildPhase section */
		18EB71D11ADD0F6E00BABD33 /* Resources */ = {
			isa = PBXResourcesBuildPhase;
			buildActionMask = 2147483647;
			files = (
				18EB71DE1ADD0F6E00BABD33 /* Main.storyboard in Resources */,
				18EB71E31ADD0F6E00BABD33 /* LaunchScreen.xib in Resources */,
				18EB71E01ADD0F6E00BABD33 /* Images.xcassets in Resources */,
			);
			runOnlyForDeploymentPostprocessing = 0;
		};
		18EB71E61ADD0F6E00BABD33 /* Resources */ = {
			isa = PBXResourcesBuildPhase;
			buildActionMask = 2147483647;
			files = (
			);
			runOnlyForDeploymentPostprocessing = 0;
		};
/* End PBXResourcesBuildPhase section */

/* Begin PBXSourcesBuildPhase section */
		18EB71CF1ADD0F6E00BABD33 /* Sources */ = {
			isa = PBXSourcesBuildPhase;
			buildActionMask = 2147483647;
			files = (
				18EB71F91ADD0F8D00BABD33 /* CheckMarkButton.swift in Sources */,
				18EB71DB1ADD0F6E00BABD33 /* ViewController.swift in Sources */,
				18EB71D91ADD0F6E00BABD33 /* AppDelegate.swift in Sources */,
			);
			runOnlyForDeploymentPostprocessing = 0;
		};
		18EB71E41ADD0F6E00BABD33 /* Sources */ = {
			isa = PBXSourcesBuildPhase;
			buildActionMask = 2147483647;
			files = (
				18EB71EF1ADD0F6E00BABD33 /* YesButtonTests.swift in Sources */,
			);
			runOnlyForDeploymentPostprocessing = 0;
		};
/* End PBXSourcesBuildPhase section */

/* Begin PBXTargetDependency section */
		18EB71EA1ADD0F6E00BABD33 /* PBXTargetDependency */ = {
			isa = PBXTargetDependency;
			target = 18EB71D21ADD0F6E00BABD33 /* YesButton */;
			targetProxy = 18EB71E91ADD0F6E00BABD33 /* PBXContainerItemProxy */;
		};
/* End PBXTargetDependency section */

/* Begin PBXVariantGroup section */
		18EB71DC1ADD0F6E00BABD33 /* Main.storyboard */ = {
			isa = PBXVariantGroup;
			children = (
				18EB71DD1ADD0F6E00BABD33 /* Base */,
			);
			name = Main.storyboard;
			sourceTree = "<group>";
		};
		18EB71E11ADD0F6E00BABD33 /* LaunchScreen.xib */ = {
			isa = PBXVariantGroup;
			children = (
				18EB71E21ADD0F6E00BABD33 /* Base */,
			);
			name = LaunchScreen.xib;
			sourceTree = "<group>";
		};
/* End PBXVariantGroup section */

/* Begin XCBuildConfiguration section */
		18EB71F01ADD0F6E00BABD33 /* Debug */ = {
			isa = XCBuildConfiguration;
			buildSettings = {
				ALWAYS_SEARCH_USER_PATHS = NO;
				CLANG_CXX_LANGUAGE_STANDARD = "gnu++0x";
				CLANG_CXX_LIBRARY = "libc++";
				CLANG_ENABLE_MODULES = YES;
				CLANG_ENABLE_OBJC_ARC = YES;
				CLANG_WARN_BOOL_CONVERSION = YES;
				CLANG_WARN_CONSTANT_CONVERSION = YES;
				CLANG_WARN_DIRECT_OBJC_ISA_USAGE = YES_ERROR;
				CLANG_WARN_EMPTY_BODY = YES;
				CLANG_WARN_ENUM_CONVERSION = YES;
				CLANG_WARN_INT_CONVERSION = YES;
				CLANG_WARN_OBJC_ROOT_CLASS = YES_ERROR;
				CLANG_WARN_UNREACHABLE_CODE = YES;
				CLANG_WARN__DUPLICATE_METHOD_MATCH = YES;
				"CODE_SIGN_IDENTITY[sdk=iphoneos*]" = "iPhone Developer";
				COPY_PHASE_STRIP = NO;
				ENABLE_STRICT_OBJC_MSGSEND = YES;
				GCC_C_LANGUAGE_STANDARD = gnu99;
				GCC_DYNAMIC_NO_PIC = NO;
				GCC_OPTIMIZATION_LEVEL = 0;
				GCC_PREPROCESSOR_DEFINITIONS = (
					"DEBUG=1",
					"$(inherited)",
				);
				GCC_SYMBOLS_PRIVATE_EXTERN = NO;
				GCC_WARN_64_TO_32_BIT_CONVERSION = YES;
				GCC_WARN_ABOUT_RETURN_TYPE = YES_ERROR;
				GCC_WARN_UNDECLARED_SELECTOR = YES;
				GCC_WARN_UNINITIALIZED_AUTOS = YES_AGGRESSIVE;
				GCC_WARN_UNUSED_FUNCTION = YES;
				GCC_WARN_UNUSED_VARIABLE = YES;
				IPHONEOS_DEPLOYMENT_TARGET = 8.2;
				MTL_ENABLE_DEBUG_INFO = YES;
				ONLY_ACTIVE_ARCH = YES;
				SDKROOT = iphoneos;
				SWIFT_OPTIMIZATION_LEVEL = "-Onone";
			};
			name = Debug;
		};
		18EB71F11ADD0F6E00BABD33 /* Release */ = {
			isa = XCBuildConfiguration;
			buildSettings = {
				ALWAYS_SEARCH_USER_PATHS = NO;
				CLANG_CXX_LANGUAGE_STANDARD = "gnu++0x";
				CLANG_CXX_LIBRARY = "libc++";
				CLANG_ENABLE_MODULES = YES;
				CLANG_ENABLE_OBJC_ARC = YES;
				CLANG_WARN_BOOL_CONVERSION = YES;
				CLANG_WARN_CONSTANT_CONVERSION = YES;
				CLANG_WARN_DIRECT_OBJC_ISA_USAGE = YES_ERROR;
				CLANG_WARN_EMPTY_BODY = YES;
				CLANG_WARN_ENUM_CONVERSION = YES;
				CLANG_WARN_INT_CONVERSION = YES;
				CLANG_WARN_OBJC_ROOT_CLASS = YES_ERROR;
				CLANG_WARN_UNREACHABLE_CODE = YES;
				CLANG_WARN__DUPLICATE_METHOD_MATCH = YES;
				"CODE_SIGN_IDENTITY[sdk=iphoneos*]" = "iPhone Developer";
				COPY_PHASE_STRIP = NO;
				ENABLE_NS_ASSERTIONS = NO;
				ENABLE_STRICT_OBJC_MSGSEND = YES;
				GCC_C_LANGUAGE_STANDARD = gnu99;
				GCC_WARN_64_TO_32_BIT_CONVERSION = YES;
				GCC_WARN_ABOUT_RETURN_TYPE = YES_ERROR;
				GCC_WARN_UNDECLARED_SELECTOR = YES;
				GCC_WARN_UNINITIALIZED_AUTOS = YES_AGGRESSIVE;
				GCC_WARN_UNUSED_FUNCTION = YES;
				GCC_WARN_UNUSED_VARIABLE = YES;
				IPHONEOS_DEPLOYMENT_TARGET = 8.2;
				MTL_ENABLE_DEBUG_INFO = NO;
				SDKROOT = iphoneos;
				VALIDATE_PRODUCT = YES;
			};
			name = Release;
		};
		18EB71F31ADD0F6E00BABD33 /* Debug */ = {
			isa = XCBuildConfiguration;
			buildSettings = {
				ASSETCATALOG_COMPILER_APPICON_NAME = AppIcon;
				FRAMEWORK_SEARCH_PATHS = (
					"$(inherited)",
					"$(PROJECT_DIR)/YesButton",
				);
				INFOPLIST_FILE = YesButton/Info.plist;
				LD_RUNPATH_SEARCH_PATHS = "$(inherited) @executable_path/Frameworks";
				PRODUCT_NAME = "$(TARGET_NAME)";
			};
			name = Debug;
		};
		18EB71F41ADD0F6E00BABD33 /* Release */ = {
			isa = XCBuildConfiguration;
			buildSettings = {
				ASSETCATALOG_COMPILER_APPICON_NAME = AppIcon;
				FRAMEWORK_SEARCH_PATHS = (
					"$(inherited)",
					"$(PROJECT_DIR)/YesButton",
				);
				INFOPLIST_FILE = YesButton/Info.plist;
				LD_RUNPATH_SEARCH_PATHS = "$(inherited) @executable_path/Frameworks";
				PRODUCT_NAME = "$(TARGET_NAME)";
			};
			name = Release;
		};
		18EB71F61ADD0F6E00BABD33 /* Debug */ = {
			isa = XCBuildConfiguration;
			buildSettings = {
				BUNDLE_LOADER = "$(TEST_HOST)";
				FRAMEWORK_SEARCH_PATHS = (
					"$(SDKROOT)/Developer/Library/Frameworks",
					"$(inherited)",
				);
				GCC_PREPROCESSOR_DEFINITIONS = (
					"DEBUG=1",
					"$(inherited)",
				);
				INFOPLIST_FILE = YesButtonTests/Info.plist;
				LD_RUNPATH_SEARCH_PATHS = "$(inherited) @executable_path/Frameworks @loader_path/Frameworks";
				PRODUCT_NAME = "$(TARGET_NAME)";
				TEST_HOST = "$(BUILT_PRODUCTS_DIR)/YesButton.app/YesButton";
			};
			name = Debug;
		};
		18EB71F71ADD0F6E00BABD33 /* Release */ = {
			isa = XCBuildConfiguration;
			buildSettings = {
				BUNDLE_LOADER = "$(TEST_HOST)";
				FRAMEWORK_SEARCH_PATHS = (
					"$(SDKROOT)/Developer/Library/Frameworks",
					"$(inherited)",
				);
				INFOPLIST_FILE = YesButtonTests/Info.plist;
				LD_RUNPATH_SEARCH_PATHS = "$(inherited) @executable_path/Frameworks @loader_path/Frameworks";
				PRODUCT_NAME = "$(TARGET_NAME)";
				TEST_HOST = "$(BUILT_PRODUCTS_DIR)/YesButton.app/YesButton";
			};
			name = Release;
		};
/* End XCBuildConfiguration section */

/* Begin XCConfigurationList section */
		18EB71CE1ADD0F6E00BABD33 /* Build configuration list for PBXProject "YesButton" */ = {
			isa = XCConfigurationList;
			buildConfigurations = (
				18EB71F01ADD0F6E00BABD33 /* Debug */,
				18EB71F11ADD0F6E00BABD33 /* Release */,
			);
			defaultConfigurationIsVisible = 0;
			defaultConfigurationName = Release;
		};
		18EB71F21ADD0F6E00BABD33 /* Build configuration list for PBXNativeTarget "YesButton" */ = {
			isa = XCConfigurationList;
			buildConfigurations = (
				18EB71F31ADD0F6E00BABD33 /* Debug */,
				18EB71F41ADD0F6E00BABD33 /* Release */,
			);
			defaultConfigurationIsVisible = 0;
		};
		18EB71F51ADD0F6E00BABD33 /* Build configuration list for PBXNativeTarget "YesButtonTests" */ = {
			isa = XCConfigurationList;
			buildConfigurations = (
				18EB71F61ADD0F6E00BABD33 /* Debug */,
				18EB71F71ADD0F6E00BABD33 /* Release */,
			);
			defaultConfigurationIsVisible = 0;
		};
/* End XCConfigurationList section */
	};
	rootObject = 18EB71CB1ADD0F6E00BABD33 /* Project object */;
}
